{
  "name": "varvel-clearance",
  "version": "0.1.0",
  "lockfileVersion": 3,
  "requires": true,
  "packages": {
    "": {
      "name": "varvel-clearance",
      "version": "0.1.0",
      "dependencies": {
        "patchright-core": "1.61.1"
      }
    },
    "node_modules/patchright-core": {
      "version": "1.61.1",
      "resolved": "https://registry.npmjs.org/patchright-core/-/patchright-core-1.61.1.tgz",
      "integrity": "sha512-d6Ju67DE6OzqlEX3WPvUX2SLEs6iMY1WERit//mpsrT98VHcztaUo0CBw2Lpxq25VdufVEiWEdcc0HnLwdiq6A==",
      "license": "Apache-2.0",
      "bin": {
        "patchright-core": "cli.js"
      },
      "engines": {
        "node": ">=18"
      }
    }
  }
}
