{
  "name": "enclave-enforcement-seam",
  "version": "0.1.0",
  "lockfileVersion": 3,
  "requires": true,
  "packages": {
    "": {
      "name": "enclave-enforcement-seam",
      "version": "0.1.0",
      "dependencies": {
        "@cedar-policy/cedar-wasm": "^4.11.2"
      }
    },
    "node_modules/@cedar-policy/cedar-wasm": {
      "version": "4.11.2",
      "resolved": "https://registry.npmjs.org/@cedar-policy/cedar-wasm/-/cedar-wasm-4.11.2.tgz",
      "integrity": "sha512-WirTj7pAQnP2fRAuJ5OLIl4VmQiUiyGgHku+eNTSXm9LJHMU/v14vHz6nEcxAQjR6oXtm21zRsHEBIbWP9TJ5A==",
      "license": "Apache-2.0"
    }
  }
}
